
Microsoft Visual Studio Solution File, Format Version 12.00
# Visual Studio Version 17
VisualStudioVersion = 17.7.34024.191
MinimumVisualStudioVersion = 10.0.40219.1
Project("{8BC9CEB8-8B4A-11D0-8D11-00A0C91BC942}") = "Sandbox", "Sandbox\Sandbox.vcxproj", "{909A96F8-2A50-4DA8-B67B-86915E52363C}"
EndProject
Project("{8BC9CEB8-8B4A-11D0-8D11-00A0C91BC942}") = "Kami", "Kami\Kami.vcxproj", "{0A54A9EC-22BF-410D-A998-F5DD8491EE0E}"
EndProject
Global
	GlobalSection(SolutionConfigurationPlatforms) = preSolution
		Debug|x64 = Debug|x64
		Release|x64 = Release|x64
	EndGlobalSection
	GlobalSection(ProjectConfigurationPlatforms) = postSolution
		{0A54A9EC-22BF-410D-A998-F5DD8491EE0E}.Debug|x64.ActiveCfg = Debug|x64
		{0A54A9EC-22BF-410D-A998-F5DD8491EE0E}.Debug|x64.Build.0 = Debug|x64
		{0A54A9EC-22BF-410D-A998-F5DD8491EE0E}.Release|x64.ActiveCfg = Release|x64
		{0A54A9EC-22BF-410D-A998-F5DD8491EE0E}.Release|x64.Build.0 = Release|x64
		{909A96F8-2A50-4DA8-B67B-86915E52363C}.Debug|x64.ActiveCfg = Debug|x64
		{909A96F8-2A50-4DA8-B67B-86915E52363C}.Debug|x64.Build.0 = Debug|x64
		{909A96F8-2A50-4DA8-B67B-86915E52363C}.Release|x64.ActiveCfg = Release|x64
		{909A96F8-2A50-4DA8-B67B-86915E52363C}.Release|x64.Build.0 = Release|x64
	EndGlobalSection
	GlobalSection(SolutionProperties) = preSolution
		HideSolutionNode = FALSE
	EndGlobalSection
	GlobalSection(ExtensibilityGlobals) = postSolution
		SolutionGuid = {6CFE8E8A-59AB-4239-B698-D9FE26CE03B6}
	EndGlobalSection
EndGlobal
